lockfileVersion: '9.0'

settings:
  autoInstallPeers: true
  excludeLinksFromLockfile: false

catalogs:
  default:
    '@biomejs/biome':
      specifier: 2.3.8
      version: 2.3.8
    knip:
      specifier: 5.71.0
      version: 5.71.0
    wrangler:
      specifier: 4.52.1
      version: 4.52.1

importers:

  .:
    devDependencies:
      '@biomejs/biome':
        specifier: 'catalog:'
        version: 2.3.8
      knip:
        specifier: 'catalog:'
        version: 5.71.0(@types/node@25.0.1)(typescript@5.9.3)
      wrangler:
        specifier: 'catalog:'
        version: 4.52.1

packages:

  '@biomejs/biome@2.3.8':
    resolution: {integrity: sha512-Qjsgoe6FEBxWAUzwFGFrB+1+M8y/y5kwmg5CHac+GSVOdmOIqsAiXM5QMVGZJ1eCUCLlPZtq4aFAQ0eawEUuUA==}
    engines: {node: '>=14.21.3'}
    hasBin: true

  '@biomejs/cli-darwin-arm64@2.3.8':
    resolution: {integrity: sha512-HM4Zg9CGQ3txTPflxD19n8MFPrmUAjaC7PQdLkugeeC0cQ+PiVrd7i09gaBS/11QKsTDBJhVg85CEIK9f50Qww==}
    engines: {node: '>=14.21.3'}
    cpu: [arm64]
    os: [darwin]

  '@biomejs/cli-darwin-x64@2.3.8':
    resolution: {integrity: sha512-lUDQ03D7y/qEao7RgdjWVGCu+BLYadhKTm40HkpJIi6kn8LSv5PAwRlew/DmwP4YZ9ke9XXoTIQDO1vAnbRZlA==}
    engines: {node: '>=14.21.3'}
    cpu: [x64]
    os: [darwin]

  '@biomejs/cli-linux-arm64-musl@2.3.8':
    resolution: {integrity: sha512-PShR4mM0sjksUMyxbyPNMxoKFPVF48fU8Qe8Sfx6w6F42verbwRLbz+QiKNiDPRJwUoMG1nPM50OBL3aOnTevA==}
    engines: {node: '>=14.21.3'}
    cpu: [arm64]
    os: [linux]

  '@biomejs/cli-linux-arm64@2.3.8':
    resolution: {integrity: sha512-Uo1OJnIkJgSgF+USx970fsM/drtPcQ39I+JO+Fjsaa9ZdCN1oysQmy6oAGbyESlouz+rzEckLTF6DS7cWse95g==}
    engines: {node: '>=14.21.3'}
    cpu: [arm64]
    os: [linux]

  '@biomejs/cli-linux-x64-musl@2.3.8':
    resolution: {integrity: sha512-YGLkqU91r1276uwSjiUD/xaVikdxgV1QpsicT0bIA1TaieM6E5ibMZeSyjQ/izBn4tKQthUSsVZacmoJfa3pDA==}
    engines: {node: '>=14.21.3'}
    cpu: [x64]
    os: [linux]

  '@biomejs/cli-linux-x64@2.3.8':
    resolution: {integrity: sha512-QDPMD5bQz6qOVb3kiBui0zKZXASLo0NIQ9JVJio5RveBEFgDgsvJFUvZIbMbUZT3T00M/1wdzwWXk4GIh0KaAw==}
    engines: {node: '>=14.21.3'}
    cpu: [x64]
    os: [linux]

  '@biomejs/cli-win32-arm64@2.3.8':
    resolution: {integrity: sha512-H4IoCHvL1fXKDrTALeTKMiE7GGWFAraDwBYFquE/L/5r1927Te0mYIGseXi4F+lrrwhSWbSGt5qPFswNoBaCxg==}
    engines: {node: '>=14.21.3'}
    cpu: [arm64]
    os: [win32]

  '@biomejs/cli-win32-x64@2.3.8':
    resolution: {integrity: sha512-RguzimPoZWtBapfKhKjcWXBVI91tiSprqdBYu7tWhgN8pKRZhw24rFeNZTNf6UiBfjCYCi9eFQs/JzJZIhuK4w==}
    engines: {node: '>=14.21.3'}
    cpu: [x64]
    os: [win32]

  '@cloudflare/kv-asset-handler@0.4.1':
    resolution: {integrity: sha512-Nu8ahitGFFJztxUml9oD/DLb7Z28C8cd8F46IVQ7y5Btz575pvMY8AqZsXkX7Gds29eCKdMgIHjIvzskHgPSFg==}
    engines: {node: '>=18.0.0'}

  '@cloudflare/unenv-preset@2.7.12':
    resolution: {integrity: sha512-SIBo+k58R9OyBsxF1jL6GdL7XHbzatT86c0be+UY5v5tg6TAuJ1/2QsRuC3pHgKVHile1HcJqEEORoS9hv8hNw==}
    peerDependencies:
      unenv: 2.0.0-rc.24
      workerd: ^1.20251125.0
    peerDependenciesMeta:
      workerd:
        optional: true

  '@cloudflare/workerd-darwin-64@1.20251202.0':
    resolution: {integrity: sha512-/uvEAWEukTWb1geHhbjGUeZqcSSSyYzp0mvoPUBl+l0ont4NVGao3fgwM0q8wtKvgoKCHSG6zcG23wj9Opj3Nw==}
    engines: {node: '>=16'}
    cpu: [x64]
    os: [darwin]

  '@cloudflare/workerd-darwin-arm64@1.20251202.0':
    resolution: {integrity: sha512-f52xRvcI9cWRd6400EZStRtXiRC5XKEud7K5aFIbbUv0VeINltujFQQ9nHWtsF6g1quIXWkjhh5u01gPAYNNXA==}
    engines: {node: '>=16'}
    cpu: [arm64]
    os: [darwin]

  '@cloudflare/workerd-linux-64@1.20251202.0':
    resolution: {integrity: sha512-HYXinF5RBH7oXbsFUMmwKCj+WltpYbf5mRKUBG5v3EuPhUjSIFB84U+58pDyfBJjcynHdy3EtvTWcvh/+lcgow==}
    engines: {node: '>=16'}
    cpu: [x64]
    os: [linux]

  '@cloudflare/workerd-linux-arm64@1.20251202.0':
    resolution: {integrity: sha512-++L02Jdoxz7hEA9qDaQjbVU1RzQS+S+eqIi22DkPe2Tgiq2M3UfNpeu+75k5L9DGRIkZPYvwMBMbcmKvQqdIIg==}
    engines: {node: '>=16'}
    cpu: [arm64]
    os: [linux]

  '@cloudflare/workerd-windows-64@1.20251202.0':
    resolution: {integrity: sha512-gzeU6eDydTi7ib+Q9DD/c0hpXtqPucnHk2tfGU03mljPObYxzMkkPGgB5qxpksFvub3y4K0ChjqYxGJB4F+j3g==}
    engines: {node: '>=16'}
    cpu: [x64]
    os: [win32]

  '@cspotcode/source-map-support@0.8.1':
    resolution: {integrity: sha512-IchNf6dN4tHoMFIn/7OE8LWZ19Y6q/67Bmf6vnGREv8RSbBVb9LPJxEcnwrcwX6ixSvaiGoomAUvu4YSxXrVgw==}
    engines: {node: '>=12'}

  '@emnapi/core@1.7.1':
    resolution: {integrity: sha512-o1uhUASyo921r2XtHYOHy7gdkGLge8ghBEQHMWmyJFoXlpU58kIrhhN3w26lpQb6dspetweapMn2CSNwQ8I4wg==}

  '@emnapi/runtime@1.7.1':
    resolution: {integrity: sha512-PVtJr5CmLwYAU9PZDMITZoR5iAOShYREoR45EyyLrbntV50mdePTgUn4AmOw90Ifcj+x2kRjdzr1HP3RrNiHGA==}

  '@emnapi/wasi-threads@1.1.0':
    resolution: {integrity: sha512-WI0DdZ8xFSbgMjR1sFsKABJ/C5OnRrjT06JXbZKexJGrDuPTzZdDYfFlsgcCXCyf+suG5QU2e/y1Wo2V/OapLQ==}

  '@esbuild/aix-ppc64@0.27.0':
    resolution: {integrity: sha512-KuZrd2hRjz01y5JK9mEBSD3Vj3mbCvemhT466rSuJYeE/hjuBrHfjjcjMdTm/sz7au+++sdbJZJmuBwQLuw68A==}
    engines: {node: '>=18'}
    cpu: [ppc64]
    os: [aix]

  '@esbuild/android-arm64@0.27.0':
    resolution: {integrity: sha512-CC3vt4+1xZrs97/PKDkl0yN7w8edvU2vZvAFGD16n9F0Cvniy5qvzRXjfO1l94efczkkQE6g1x0i73Qf5uthOQ==}
    engines: {node: '>=18'}
    cpu: [arm64]
    os: [android]

  '@esbuild/android-arm@0.27.0':
    resolution: {integrity: sha512-j67aezrPNYWJEOHUNLPj9maeJte7uSMM6gMoxfPC9hOg8N02JuQi/T7ewumf4tNvJadFkvLZMlAq73b9uwdMyQ==}
    engines: {node: '>=18'}
    cpu: [arm]
    os: [android]

  '@esbuild/android-x64@0.27.0':
    resolution: {integrity: sha512-wurMkF1nmQajBO1+0CJmcN17U4BP6GqNSROP8t0X/Jiw2ltYGLHpEksp9MpoBqkrFR3kv2/te6Sha26k3+yZ9Q==}
    engines: {node: '>=18'}
    cpu: [x64]
    os: [android]

  '@esbuild/darwin-arm64@0.27.0':
    resolution: {integrity: sha512-uJOQKYCcHhg07DL7i8MzjvS2LaP7W7Pn/7uA0B5S1EnqAirJtbyw4yC5jQ5qcFjHK9l6o/MX9QisBg12kNkdHg==}
    engines: {node: '>=18'}
    cpu: [arm64]
    os: [darwin]

  '@esbuild/darwin-x64@0.27.0':
    resolution: {integrity: sha512-8mG6arH3yB/4ZXiEnXof5MK72dE6zM9cDvUcPtxhUZsDjESl9JipZYW60C3JGreKCEP+p8P/72r69m4AZGJd5g==}
    engines: {node: '>=18'}
    cpu: [x64]
    os: [darwin]

  '@esbuild/freebsd-arm64@0.27.0':
    resolution: {integrity: sha512-9FHtyO988CwNMMOE3YIeci+UV+x5Zy8fI2qHNpsEtSF83YPBmE8UWmfYAQg6Ux7Gsmd4FejZqnEUZCMGaNQHQw==}
    engines: {node: '>=18'}
    cpu: [arm64]
    os: [freebsd]

  '@esbuild/freebsd-x64@0.27.0':
    resolution: {integrity: sha512-zCMeMXI4HS/tXvJz8vWGexpZj2YVtRAihHLk1imZj4efx1BQzN76YFeKqlDr3bUWI26wHwLWPd3rwh6pe4EV7g==}
    engines: {node: '>=18'}
    cpu: [x64]
    os: [freebsd]

  '@esbuild/linux-arm64@0.27.0':
    resolution: {integrity: sha512-AS18v0V+vZiLJyi/4LphvBE+OIX682Pu7ZYNsdUHyUKSoRwdnOsMf6FDekwoAFKej14WAkOef3zAORJgAtXnlQ==}
    engines: {node: '>=18'}
    cpu: [arm64]
    os: [linux]

  '@esbuild/linux-arm@0.27.0':
    resolution: {integrity: sha512-t76XLQDpxgmq2cNXKTVEB7O7YMb42atj2Re2Haf45HkaUpjM2J0UuJZDuaGbPbamzZ7bawyGFUkodL+zcE+jvQ==}
    engines: {node: '>=18'}
    cpu: [arm]
    os: [linux]

  '@esbuild/linux-ia32@0.27.0':
    resolution: {integrity: sha512-Mz1jxqm/kfgKkc/KLHC5qIujMvnnarD9ra1cEcrs7qshTUSksPihGrWHVG5+osAIQ68577Zpww7SGapmzSt4Nw==}
    engines: {node: '>=18'}
    cpu: [ia32]
    os: [linux]

  '@esbuild/linux-loong64@0.27.0':
    resolution: {integrity: sha512-QbEREjdJeIreIAbdG2hLU1yXm1uu+LTdzoq1KCo4G4pFOLlvIspBm36QrQOar9LFduavoWX2msNFAAAY9j4BDg==}
    engines: {node: '>=18'}
    cpu: [loong64]
    os: [linux]

  '@esbuild/linux-mips64el@0.27.0':
    resolution: {integrity: sha512-sJz3zRNe4tO2wxvDpH/HYJilb6+2YJxo/ZNbVdtFiKDufzWq4JmKAiHy9iGoLjAV7r/W32VgaHGkk35cUXlNOg==}
    engines: {node: '>=18'}
    cpu: [mips64el]
    os: [linux]

  '@esbuild/linux-ppc64@0.27.0':
    resolution: {integrity: sha512-z9N10FBD0DCS2dmSABDBb5TLAyF1/ydVb+N4pi88T45efQ/w4ohr/F/QYCkxDPnkhkp6AIpIcQKQ8F0ANoA2JA==}
    engines: {node: '>=18'}
    cpu: [ppc64]
    os: [linux]

  '@esbuild/linux-riscv64@0.27.0':
    resolution: {integrity: sha512-pQdyAIZ0BWIC5GyvVFn5awDiO14TkT/19FTmFcPdDec94KJ1uZcmFs21Fo8auMXzD4Tt+diXu1LW1gHus9fhFQ==}
    engines: {node: '>=18'}
    cpu: [riscv64]
    os: [linux]

  '@esbuild/linux-s390x@0.27.0':
    resolution: {integrity: sha512-hPlRWR4eIDDEci953RI1BLZitgi5uqcsjKMxwYfmi4LcwyWo2IcRP+lThVnKjNtk90pLS8nKdroXYOqW+QQH+w==}
    engines: {node: '>=18'}
    cpu: [s390x]
    os: [linux]

  '@esbuild/linux-x64@0.27.0':
    resolution: {integrity: sha512-1hBWx4OUJE2cab++aVZ7pObD6s+DK4mPGpemtnAORBvb5l/g5xFGk0vc0PjSkrDs0XaXj9yyob3d14XqvnQ4gw==}
    engines: {node: '>=18'}
    cpu: [x64]
    os: [linux]

  '@esbuild/netbsd-arm64@0.27.0':
    resolution: {integrity: sha512-6m0sfQfxfQfy1qRuecMkJlf1cIzTOgyaeXaiVaaki8/v+WB+U4hc6ik15ZW6TAllRlg/WuQXxWj1jx6C+dfy3w==}
    engines: {node: '>=18'}
    cpu: [arm64]
    os: [netbsd]

  '@esbuild/netbsd-x64@0.27.0':
    resolution: {integrity: sha512-xbbOdfn06FtcJ9d0ShxxvSn2iUsGd/lgPIO2V3VZIPDbEaIj1/3nBBe1AwuEZKXVXkMmpr6LUAgMkLD/4D2PPA==}
    engines: {node: '>=18'}
    cpu: [x64]
    os: [netbsd]

  '@esbuild/openbsd-arm64@0.27.0':
    resolution: {integrity: sha512-fWgqR8uNbCQ/GGv0yhzttj6sU/9Z5/Sv/VGU3F5OuXK6J6SlriONKrQ7tNlwBrJZXRYk5jUhuWvF7GYzGguBZQ==}
    engines: {node: '>=18'}
    cpu: [arm64]
    os: [openbsd]

  '@esbuild/openbsd-x64@0.27.0':
    resolution: {integrity: sha512-aCwlRdSNMNxkGGqQajMUza6uXzR/U0dIl1QmLjPtRbLOx3Gy3otfFu/VjATy4yQzo9yFDGTxYDo1FfAD9oRD2A==}
    engines: {node: '>=18'}
    cpu: [x64]
    os: [openbsd]

  '@esbuild/openharmony-arm64@0.27.0':
    resolution: {integrity: sha512-nyvsBccxNAsNYz2jVFYwEGuRRomqZ149A39SHWk4hV0jWxKM0hjBPm3AmdxcbHiFLbBSwG6SbpIcUbXjgyECfA==}
    engines: {node: '>=18'}
    cpu: [arm64]
    os: [openharmony]

  '@esbuild/sunos-x64@0.27.0':
    resolution: {integrity: sha512-Q1KY1iJafM+UX6CFEL+F4HRTgygmEW568YMqDA5UV97AuZSm21b7SXIrRJDwXWPzr8MGr75fUZPV67FdtMHlHA==}
    engines: {node: '>=18'}
    cpu: [x64]
    os: [sunos]

  '@esbuild/win32-arm64@0.27.0':
    resolution: {integrity: sha512-W1eyGNi6d+8kOmZIwi/EDjrL9nxQIQ0MiGqe/AWc6+IaHloxHSGoeRgDRKHFISThLmsewZ5nHFvGFWdBYlgKPg==}
    engines: {node: '>=18'}
    cpu: [arm64]
    os: [win32]

  '@esbuild/win32-ia32@0.27.0':
    resolution: {integrity: sha512-30z1aKL9h22kQhilnYkORFYt+3wp7yZsHWus+wSKAJR8JtdfI76LJ4SBdMsCopTR3z/ORqVu5L1vtnHZWVj4cQ==}
    engines: {node: '>=18'}
    cpu: [ia32]
    os: [win32]

  '@esbuild/win32-x64@0.27.0':
    resolution: {integrity: sha512-aIitBcjQeyOhMTImhLZmtxfdOcuNRpwlPNmlFKPcHQYPhEssw75Cl1TSXJXpMkzaua9FUetx/4OQKq7eJul5Cg==}
    engines: {node: '>=18'}
    cpu: [x64]
    os: [win32]

  '@img/sharp-darwin-arm64@0.33.5':
    resolution: {integrity: sha512-UT4p+iz/2H4twwAoLCqfA9UH5pI6DggwKEGuaPy7nCVQ8ZsiY5PIcrRvD1DzuY3qYL07NtIQcWnBSY/heikIFQ==}
    engines: {node: ^18.17.0 || ^20.3.0 || >=21.0.0}
    cpu: [arm64]
    os: [darwin]

  '@img/sharp-darwin-x64@0.33.5':
    resolution: {integrity: sha512-fyHac4jIc1ANYGRDxtiqelIbdWkIuQaI84Mv45KvGRRxSAa7o7d1ZKAOBaYbnepLC1WqxfpimdeWfvqqSGwR2Q==}
    engines: {node: ^18.17.0 || ^20.3.0 || >=21.0.0}
    cpu: [x64]
    os: [darwin]

  '@img/sharp-libvips-darwin-arm64@1.0.4':
    resolution: {integrity: sha512-XblONe153h0O2zuFfTAbQYAX2JhYmDHeWikp1LM9Hul9gVPjFY427k6dFEcOL72O01QxQsWi761svJ/ev9xEDg==}
    cpu: [arm64]
    os: [darwin]

  '@img/sharp-libvips-darwin-x64@1.0.4':
    resolution: {integrity: sha512-xnGR8YuZYfJGmWPvmlunFaWJsb9T/AO2ykoP3Fz/0X5XV2aoYBPkX6xqCQvUTKKiLddarLaxpzNe+b1hjeWHAQ==}
    cpu: [x64]
    os: [darwin]

  '@img/sharp-libvips-linux-arm64@1.0.4':
    resolution: {integrity: sha512-9B+taZ8DlyyqzZQnoeIvDVR/2F4EbMepXMc/NdVbkzsJbzkUjhXv/70GQJ7tdLA4YJgNP25zukcxpX2/SueNrA==}
    cpu: [arm64]
    os: [linux]

  '@img/sharp-libvips-linux-arm@1.0.5':
    resolution: {integrity: sha512-gvcC4ACAOPRNATg/ov8/MnbxFDJqf/pDePbBnuBDcjsI8PssmjoKMAz4LtLaVi+OnSb5FK/yIOamqDwGmXW32g==}
    cpu: [arm]
    os: [linux]

  '@img/sharp-libvips-linux-s390x@1.0.4':
    resolution: {integrity: sha512-u7Wz6ntiSSgGSGcjZ55im6uvTrOxSIS8/dgoVMoiGE9I6JAfU50yH5BoDlYA1tcuGS7g/QNtetJnxA6QEsCVTA==}
    cpu: [s390x]
    os: [linux]

  '@img/sharp-libvips-linux-x64@1.0.4':
    resolution: {integrity: sha512-MmWmQ3iPFZr0Iev+BAgVMb3ZyC4KeFc3jFxnNbEPas60e1cIfevbtuyf9nDGIzOaW9PdnDciJm+wFFaTlj5xYw==}
    cpu: [x64]
    os: [linux]

  '@img/sharp-libvips-linuxmusl-arm64@1.0.4':
    resolution: {integrity: sha512-9Ti+BbTYDcsbp4wfYib8Ctm1ilkugkA/uscUn6UXK1ldpC1JjiXbLfFZtRlBhjPZ5o1NCLiDbg8fhUPKStHoTA==}
    cpu: [arm64]
    os: [linux]

  '@img/sharp-libvips-linuxmusl-x64@1.0.4':
    resolution: {integrity: sha512-viYN1KX9m+/hGkJtvYYp+CCLgnJXwiQB39damAO7WMdKWlIhmYTfHjwSbQeUK/20vY154mwezd9HflVFM1wVSw==}
    cpu: [x64]
    os: [linux]

  '@img/sharp-linux-arm64@0.33.5':
    resolution: {integrity: sha512-JMVv+AMRyGOHtO1RFBiJy/MBsgz0x4AWrT6QoEVVTyh1E39TrCUpTRI7mx9VksGX4awWASxqCYLCV4wBZHAYxA==}
    engines: {node: ^18.17.0 || ^20.3.0 || >=21.0.0}
    cpu: [arm64]
    os: [linux]

  '@img/sharp-linux-arm@0.33.5':
    resolution: {integrity: sha512-JTS1eldqZbJxjvKaAkxhZmBqPRGmxgu+qFKSInv8moZ2AmT5Yib3EQ1c6gp493HvrvV8QgdOXdyaIBrhvFhBMQ==}
    engines: {node: ^18.17.0 || ^20.3.0 || >=21.0.0}
    cpu: [arm]
    os: [linux]

  '@img/sharp-linux-s390x@0.33.5':
    resolution: {integrity: sha512-y/5PCd+mP4CA/sPDKl2961b+C9d+vPAveS33s6Z3zfASk2j5upL6fXVPZi7ztePZ5CuH+1kW8JtvxgbuXHRa4Q==}
    engines: {node: ^18.17.0 || ^20.3.0 || >=21.0.0}
    cpu: [s390x]
    os: [linux]

  '@img/sharp-linux-x64@0.33.5':
    resolution: {integrity: sha512-opC+Ok5pRNAzuvq1AG0ar+1owsu842/Ab+4qvU879ippJBHvyY5n2mxF1izXqkPYlGuP/M556uh53jRLJmzTWA==}
    engines: {node: ^18.17.0 || ^20.3.0 || >=21.0.0}
    cpu: [x64]
    os: [linux]

  '@img/sharp-linuxmusl-arm64@0.33.5':
    resolution: {integrity: sha512-XrHMZwGQGvJg2V/oRSUfSAfjfPxO+4DkiRh6p2AFjLQztWUuY/o8Mq0eMQVIY7HJ1CDQUJlxGGZRw1a5bqmd1g==}
    engines: {node: ^18.17.0 || ^20.3.0 || >=21.0.0}
    cpu: [arm64]
    os: [linux]

  '@img/sharp-linuxmusl-x64@0.33.5':
    resolution: {integrity: sha512-WT+d/cgqKkkKySYmqoZ8y3pxx7lx9vVejxW/W4DOFMYVSkErR+w7mf2u8m/y4+xHe7yY9DAXQMWQhpnMuFfScw==}
    engines: {node: ^18.17.0 || ^20.3.0 || >=21.0.0}
    cpu: [x64]
    os: [linux]

  '@img/sharp-wasm32@0.33.5':
    resolution: {integrity: sha512-ykUW4LVGaMcU9lu9thv85CbRMAwfeadCJHRsg2GmeRa/cJxsVY9Rbd57JcMxBkKHag5U/x7TSBpScF4U8ElVzg==}
    engines: {node: ^18.17.0 || ^20.3.0 || >=21.0.0}
    cpu: [wasm32]

  '@img/sharp-win32-ia32@0.33.5':
    resolution: {integrity: sha512-T36PblLaTwuVJ/zw/LaH0PdZkRz5rd3SmMHX8GSmR7vtNSP5Z6bQkExdSK7xGWyxLw4sUknBuugTelgw2faBbQ==}
    engines: {node: ^18.17.0 || ^20.3.0 || >=21.0.0}
    cpu: [ia32]
    os: [win32]

  '@img/sharp-win32-x64@0.33.5':
    resolution: {integrity: sha512-MpY/o8/8kj+EcnxwvrP4aTJSWw/aZ7JIGR4aBeZkZw5B7/Jn+tY9/VNwtcoGmdT7GfggGIU4kygOMSbYnOrAbg==}
    engines: {node: ^18.17.0 || ^20.3.0 || >=21.0.0}
    cpu: [x64]
    os: [win32]

  '@jridgewell/resolve-uri@3.1.2':
    resolution: {integrity: sha512-bRISgCIjP20/tbWSPWMEi54QVPRZExkuD9lJL+UIxUKtwVJA8wW1Trb1jMs1RFXo1CBTNZ/5hpC9QvmKWdopKw==}
    engines: {node: '>=6.0.0'}

  '@jridgewell/sourcemap-codec@1.5.5':
    resolution: {integrity: sha512-cYQ9310grqxueWbl+WuIUIaiUaDcj7WOq5fVhEljNVgRfOUhY9fy2zTvfoqWsnebh8Sl70VScFbICvJnLKB0Og==}

  '@jridgewell/trace-mapping@0.3.9':
    resolution: {integrity: sha512-3Belt6tdc8bPgAtbcmdtNJlirVoTmEb5e2gC94PnkwEW9jI6CAHUeoG85tjWP5WquqfavoMtMwiG4P926ZKKuQ==}

  '@napi-rs/wasm-runtime@1.1.0':
    resolution: {integrity: sha512-Fq6DJW+Bb5jaWE69/qOE0D1TUN9+6uWhCeZpdnSBk14pjLcCWR7Q8n49PTSPHazM37JqrsdpEthXy2xn6jWWiA==}

  '@nodelib/fs.scandir@2.1.5':
    resolution: {integrity: sha512-vq24Bq3ym5HEQm2NKCr3yXDwjc7vTsEThRDnkp2DK9p1uqLR+DHurm/NOTo0KG7HYHU7eppKZj3MyqYuMBf62g==}
    engines: {node: '>= 8'}

  '@nodelib/fs.stat@2.0.5':
    resolution: {integrity: sha512-RkhPPp2zrqDAQA/2jNhnztcPAlv64XdhIp7a7454A5ovI7Bukxgt7MX7udwAu3zg1DcpPU0rz3VV1SeaqvY4+A==}
    engines: {node: '>= 8'}

  '@nodelib/fs.walk@1.2.8':
    resolution: {integrity: sha512-oGB+UxlgWcgQkgwo8GcEGwemoTFt3FIO9ababBmaGwXIoBKZ+GTy0pP185beGg7Llih/NSHSV2XAs1lnznocSg==}
    engines: {node: '>= 8'}

  '@oxc-resolver/binding-android-arm-eabi@11.15.0':
    resolution: {integrity: sha512-Q+lWuFfq7whNelNJIP1dhXaVz4zO9Tu77GcQHyxDWh3MaCoO2Bisphgzmsh4ZoUe2zIchQh6OvQL99GlWHg9Tw==}
    cpu: [arm]
    os: [android]

  '@oxc-resolver/binding-android-arm64@11.15.0':
    resolution: {integrity: sha512-vbdBttesHR0W1oJaxgWVTboyMUuu+VnPsHXJ6jrXf4czELzB6GIg5DrmlyhAmFBhjwov+yJH/DfTnHS+2sDgOw==}
    cpu: [arm64]
    os: [android]

  '@oxc-resolver/binding-darwin-arm64@11.15.0':
    resolution: {integrity: sha512-R67lsOe1UzNjqVBCwCZX1rlItTsj/cVtBw4Uy19CvTicqEWvwaTn8t34zLD75LQwDDPCY3C8n7NbD+LIdw+ZoA==}
    cpu: [arm64]
    os: [darwin]

  '@oxc-resolver/binding-darwin-x64@11.15.0':
    resolution: {integrity: sha512-77mya5F8WV0EtCxI0MlVZcqkYlaQpfNwl/tZlfg4jRsoLpFbaTeWv75hFm6TE84WULVlJtSgvf7DhoWBxp9+ZQ==}
    cpu: [x64]
    os: [darwin]

  '@oxc-resolver/binding-freebsd-x64@11.15.0':
    resolution: {integrity: sha512-X1Sz7m5PC+6D3KWIDXMUtux+0Imj6HfHGdBStSvgdI60OravzI1t83eyn6eN0LPTrynuPrUgjk7tOnOsBzSWHw==}
    cpu: [x64]
    os: [freebsd]

  '@oxc-resolver/binding-linux-arm-gnueabihf@11.15.0':
    resolution: {integrity: sha512-L1x/wCaIRre+18I4cH/lTqSAymlV0k4HqfSYNNuI9oeL28Ks86lI6O5VfYL6sxxWYgjuWB98gNGo7tq7d4GarQ==}
    cpu: [arm]
    os: [linux]

  '@oxc-resolver/binding-linux-arm-musleabihf@11.15.0':
    resolution: {integrity: sha512-abGXd/zMGa0tH8nKlAXdOnRy4G7jZmkU0J85kMKWns161bxIgGn/j7zxqh3DKEW98wAzzU9GofZMJ0P5YCVPVw==}
    cpu: [arm]
    os: [linux]

  '@oxc-resolver/binding-linux-arm64-gnu@11.15.0':
    resolution: {integrity: sha512-SVjjjtMW66Mza76PBGJLqB0KKyFTBnxmtDXLJPbL6ZPGSctcXVmujz7/WAc0rb9m2oV0cHQTtVjnq6orQnI/jg==}
    cpu: [arm64]
    os: [linux]

  '@oxc-resolver/binding-linux-arm64-musl@11.15.0':
    resolution: {integrity: sha512-JDv2/AycPF2qgzEiDeMJCcSzKNDm3KxNg0KKWipoKEMDFqfM7LxNwwSVyAOGmrYlE4l3dg290hOMsr9xG7jv9g==}
    cpu: [arm64]
    os: [linux]

  '@oxc-resolver/binding-linux-ppc64-gnu@11.15.0':
    resolution: {integrity: sha512-zbu9FhvBLW4KJxo7ElFvZWbSt4vP685Qc/Gyk/Ns3g2gR9qh2qWXouH8PWySy+Ko/qJ42+HJCLg+ZNcxikERfg==}
    cpu: [ppc64]
    os: [linux]

  '@oxc-resolver/binding-linux-riscv64-gnu@11.15.0':
    resolution: {integrity: sha512-Kfleehe6B09C2qCnyIU01xLFqFXCHI4ylzkicfX/89j+gNHh9xyNdpEvit88Kq6i5tTGdavVnM6DQfOE2qNtlg==}
    cpu: [riscv64]
    os: [linux]

  '@oxc-resolver/binding-linux-riscv64-musl@11.15.0':
    resolution: {integrity: sha512-J7LPiEt27Tpm8P+qURDwNc8q45+n+mWgyys4/V6r5A8v5gDentHRGUx3iVk5NxdKhgoGulrzQocPTZVosq25Eg==}
    cpu: [riscv64]
    os: [linux]

  '@oxc-resolver/binding-linux-s390x-gnu@11.15.0':
    resolution: {integrity: sha512-+8/d2tAScPjVJNyqa7GPGnqleTB/XW9dZJQ2D/oIM3wpH3TG+DaFEXBbk4QFJ9K9AUGBhvQvWU2mQyhK/yYn3Q==}
    cpu: [s390x]
    os: [linux]

  '@oxc-resolver/binding-linux-x64-gnu@11.15.0':
    resolution: {integrity: sha512-xtvSzH7Nr5MCZI2FKImmOdTl9kzuQ51RPyLh451tvD2qnkg3BaqI9Ox78bTk57YJhlXPuxWSOL5aZhKAc9J6qg==}
    cpu: [x64]
    os: [linux]

  '@oxc-resolver/binding-linux-x64-musl@11.15.0':
    resolution: {integrity: sha512-14YL1zuXj06+/tqsuUZuzL0T425WA/I4nSVN1kBXeC5WHxem6lQ+2HGvG+crjeJEqHgZUT62YIgj88W+8E7eyg==}
    cpu: [x64]
    os: [linux]

  '@oxc-resolver/binding-openharmony-arm64@11.15.0':
    resolution: {integrity: sha512-/7Qli+1Wk93coxnrQaU8ySlICYN8HsgyIrzqjgIkQEpI//9eUeaeIHZptNl2fMvBGeXa7k2QgLbRNaBRgpnvMw==}
    cpu: [arm64]
    os: [openharmony]

  '@oxc-resolver/binding-wasm32-wasi@11.15.0':
    resolution: {integrity: sha512-q5rn2eIMQLuc/AVGR2rQKb2EVlgreATGG8xXg8f4XbbYCVgpxaq+dgMbiPStyNywW1MH8VU2T09UEm30UtOQvg==}
    engines: {node: '>=14.0.0'}
    cpu: [wasm32]

  '@oxc-resolver/binding-win32-arm64-msvc@11.15.0':
    resolution: {integrity: sha512-yCAh2RWjU/8wWTxQDgGPgzV9QBv0/Ojb5ej1c/58iOjyTuy/J1ZQtYi2SpULjKmwIxLJdTiCHpMilauWimE31w==}
    cpu: [arm64]
    os: [win32]

  '@oxc-resolver/binding-win32-ia32-msvc@11.15.0':
    resolution: {integrity: sha512-lmXKb6lvA6M6QIbtYfgjd+AryJqExZVSY2bfECC18OPu7Lv1mHFF171Mai5l9hG3r4IhHPPIwT10EHoilSCYeA==}
    cpu: [ia32]
    os: [win32]

  '@oxc-resolver/binding-win32-x64-msvc@11.15.0':
    resolution: {integrity: sha512-HZsfne0s/tGOcJK9ZdTGxsNU2P/dH0Shf0jqrPvsC6wX0Wk+6AyhSpHFLQCnLOuFQiHHU0ePfM8iYsoJb5hHpQ==}
    cpu: [x64]
    os: [win32]

  '@poppinss/colors@4.1.6':
    resolution: {integrity: sha512-H9xkIdFswbS8n1d6vmRd8+c10t2Qe+rZITbbDHHkQixH5+2x1FDGmi/0K+WgWiqQFKPSlIYB7jlH6Kpfn6Fleg==}

  '@poppinss/dumper@0.6.5':
    resolution: {integrity: sha512-NBdYIb90J7LfOI32dOewKI1r7wnkiH6m920puQ3qHUeZkxNkQiFnXVWoE6YtFSv6QOiPPf7ys6i+HWWecDz7sw==}

  '@poppinss/exception@1.2.3':
    resolution: {integrity: sha512-dCED+QRChTVatE9ibtoaxc+WkdzOSjYTKi/+uacHWIsfodVfpsueo3+DKpgU5Px8qXjgmXkSvhXvSCz3fnP9lw==}

  '@sindresorhus/is@7.1.1':
    resolution: {integrity: sha512-rO92VvpgMc3kfiTjGT52LEtJ8Yc5kCWhZjLQ3LwlA4pSgPpQO7bVpYXParOD8Jwf+cVQECJo3yP/4I8aZtUQTQ==}
    engines: {node: '>=18'}

  '@speed-highlight/core@1.2.12':
    resolution: {integrity: sha512-uilwrK0Ygyri5dToHYdZSjcvpS2ZwX0w5aSt3GCEN9hrjxWCoeV4Z2DTXuxjwbntaLQIEEAlCeNQss5SoHvAEA==}

  '@tybys/wasm-util@0.10.1':
    resolution: {integrity: sha512-9tTaPJLSiejZKx+Bmog4uSubteqTvFrVrURwkmHixBo0G4seD0zUxp98E1DzUBJxLQ3NPwXrGKDiVjwx/DpPsg==}

  '@types/node@25.0.1':
    resolution: {integrity: sha512-czWPzKIAXucn9PtsttxmumiQ9N0ok9FrBwgRWrwmVLlp86BrMExzvXRLFYRJ+Ex3g6yqj+KuaxfX1JTgV2lpfg==}

  acorn-walk@8.3.2:
    resolution: {integrity: sha512-cjkyv4OtNCIeqhHrfS81QWXoCBPExR/J62oyEqepVw8WaQeSqpW2uhuLPh1m9eWhDuOo/jUXVTlifvesOWp/4A==}
    engines: {node: '>=0.4.0'}

  acorn@8.14.0:
    resolution: {integrity: sha512-cl669nCJTZBsL97OF4kUQm5g5hC2uihk0NxY3WENAC0TYdILVkAyHymAntgxGkl7K+t0cXIrH5siy5S4XkFycA==}
    engines: {node: '>=0.4.0'}
    hasBin: true

  argparse@2.0.1:
    resolution: {integrity: sha512-8+9WqebbFzpX9OR+Wa6O29asIogeRMzcGtAINdpMHHyAg10f05aSFVBbcEqGf/PXw1EjAZ+q2/bEBg3DvurK3Q==}

  blake3-wasm@2.1.5:
    resolution: {integrity: sha512-F1+K8EbfOZE49dtoPtmxUQrpXaBIl3ICvasLh+nJta0xkz+9kF/7uet9fLnwKqhDrmj6g+6K3Tw9yQPUg2ka5g==}

  braces@3.0.3:
    resolution: {integrity: sha512-yQbXgO/OSZVD2IsiLlro+7Hf6Q18EJrKSEsdoMzKePKXct3gvD8oLcOQdIzGupr5Fj+EDe8gO/lxc1BzfMpxvA==}
    engines: {node: '>=8'}

  color-convert@2.0.1:
    resolution: {integrity: sha512-RRECPsj7iu/xb5oKYcsFHSppFNnsj/52OVTRKb4zP5onXwVF3zVmmToNcOfGC+CRDpfK/U584fMg38ZHCaElKQ==}
    engines: {node: '>=7.0.0'}

  color-name@1.1.4:
    resolution: {integrity: sha512-dOy+3AuW3a2wNbZHIuMZpTcgjGuLU/uBL/ubcZF9OXbDo8ff4O8yVp5Bf0efS8uEoYo5q4Fx7dY9OgQGXgAsQA==}

  color-string@1.9.1:
    resolution: {integrity: sha512-shrVawQFojnZv6xM40anx4CkoDP+fZsw/ZerEMsW/pyzsRbElpsL/DBVW7q3ExxwusdNXI3lXpuhEZkzs8p5Eg==}

  color@4.2.3:
    resolution: {integrity: sha512-1rXeuUUiGGrykh+CeBdu5Ie7OJwinCgQY0bc7GCRxy5xVHy+moaqkpL/jqQq0MtQOeYcrqEz4abc5f0KtU7W4A==}
    engines: {node: '>=12.5.0'}

  cookie@1.1.1:
    resolution: {integrity: sha512-ei8Aos7ja0weRpFzJnEA9UHJ/7XQmqglbRwnf2ATjcB9Wq874VKH9kfjjirM6UhU2/E5fFYadylyhFldcqSidQ==}
    engines: {node: '>=18'}

  detect-libc@2.1.2:
    resolution: {integrity: sha512-Btj2BOOO83o3WyH59e8MgXsxEQVcarkUOpEYrubB0urwnN10yQ364rsiByU11nZlqWYZm05i/of7io4mzihBtQ==}
    engines: {node: '>=8'}

  error-stack-parser-es@1.0.5:
    resolution: {integrity: sha512-5qucVt2XcuGMcEGgWI7i+yZpmpByQ8J1lHhcL7PwqCwu9FPP3VUXzT4ltHe5i2z9dePwEHcDVOAfSnHsOlCXRA==}

  esbuild@0.27.0:
    resolution: {integrity: sha512-jd0f4NHbD6cALCyGElNpGAOtWxSq46l9X/sWB0Nzd5er4Kz2YTm+Vl0qKFT9KUJvD8+fiO8AvoHhFvEatfVixA==}
    engines: {node: '>=18'}
    hasBin: true

  exit-hook@2.2.1:
    resolution: {integrity: sha512-eNTPlAD67BmP31LDINZ3U7HSF8l57TxOY2PmBJ1shpCvpnxBF93mWCE8YHBnXs8qiUZJc9WDcWIeC3a2HIAMfw==}
    engines: {node: '>=6'}

  fast-glob@3.3.3:
    resolution: {integrity: sha512-7MptL8U0cqcFdzIzwOTHoilX9x5BrNqye7Z/LuC7kCMRio1EMSyqRK3BEAUD7sXRq4iT4AzTVuZdhgQ2TCvYLg==}
    engines: {node: '>=8.6.0'}

  fastq@1.19.1:
    resolution: {integrity: sha512-GwLTyxkCXjXbxqIhTsMI2Nui8huMPtnxg7krajPJAjnEG/iiOS7i+zCtWGZR9G0NBKbXKh6X9m9UIsYX/N6vvQ==}

  fd-package-json@2.0.0:
    resolution: {integrity: sha512-jKmm9YtsNXN789RS/0mSzOC1NUq9mkVd65vbSSVsKdjGvYXBuE4oWe2QOEoFeRmJg+lPuZxpmrfFclNhoRMneQ==}

  fill-range@7.1.1:
    resolution: {integrity: sha512-YsGpe3WHLK8ZYi4tWDg2Jy3ebRz2rXowDxnld4bkQB00cc/1Zw9AWnC0i9ztDJitivtQvaI9KaLyKrc+hBW0yg==}
    engines: {node: '>=8'}

  formatly@0.3.0:
    resolution: {integrity: sha512-9XNj/o4wrRFyhSMJOvsuyMwy8aUfBaZ1VrqHVfohyXf0Sw0e+yfKG+xZaY3arGCOMdwFsqObtzVOc1gU9KiT9w==}
    engines: {node: '>=18.3.0'}
    hasBin: true

  fsevents@2.3.3:
    resolution: {integrity: sha512-5xoDfX+fL7faATnagmWPpbFtwh/R77WmMMqqHGS65C3vvB0YHrgF+B1YmZ3441tMj5n63k0212XNoJwzlhffQw==}
    engines: {node: ^8.16.0 || ^10.6.0 || >=11.0.0}
    os: [darwin]

  glob-parent@5.1.2:
    resolution: {integrity: sha512-AOIgSQCepiJYwP3ARnGx+5VnTu2HBYdzbGP45eLw1vr3zB3vZLeyed1sC9hnbcOc9/SrMyM5RPQrkGz4aS9Zow==}
    engines: {node: '>= 6'}

  glob-to-regexp@0.4.1:
    resolution: {integrity: sha512-lkX1HJXwyMcprw/5YUZc2s7DrpAiHB21/V+E1rHUrVNokkvB6bqMzT0VfV6/86ZNabt1k14YOIaT7nDvOX3Iiw==}

  is-arrayish@0.3.4:
    resolution: {integrity: sha512-m6UrgzFVUYawGBh1dUsWR5M2Clqic9RVXC/9f8ceNlv2IcO9j9J/z8UoCLPqtsPBFNzEpfR3xftohbfqDx8EQA==}

  is-extglob@2.1.1:
    resolution: {integrity: sha512-SbKbANkN603Vi4jEZv49LeVJMn4yGwsbzZworEoyEiutsN3nJYdbO36zfhGJ6QEDpOZIFkDtnq5JRxmvl3jsoQ==}
    engines: {node: '>=0.10.0'}

  is-glob@4.0.3:
    resolution: {integrity: sha512-xelSayHH36ZgE7ZWhli7pW34hNbNl8Ojv5KVmkJD4hBdD3th8Tfk9vYasLM+mXWOZhFkgZfxhLSnrwRr4elSSg==}
    engines: {node: '>=0.10.0'}

  is-number@7.0.0:
    resolution: {integrity: sha512-41Cifkg6e8TylSpdtTpeLVMqvSBEVzTttHvERD741+pnZ8ANv0004MRL43QKPDlK9cGvNp6NZWZUBlbGXYxxng==}
    engines: {node: '>=0.12.0'}

  jiti@2.6.1:
    resolution: {integrity: sha512-ekilCSN1jwRvIbgeg/57YFh8qQDNbwDb9xT/qu2DAHbFFZUicIl4ygVaAvzveMhMVr3LnpSKTNnwt8PoOfmKhQ==}
    hasBin: true

  js-yaml@4.1.1:
    resolution: {integrity: sha512-qQKT4zQxXl8lLwBtHMWwaTcGfFOZviOJet3Oy/xmGk2gZH677CJM9EvtfdSkgWcATZhj/55JZ0rmy3myCT5lsA==}
    hasBin: true

  kleur@4.1.5:
    resolution: {integrity: sha512-o+NO+8WrRiQEE4/7nwRJhN1HWpVmJm511pBHUxPLtp0BUISzlBplORYSmTclCnJvQq2tKu/sgl3xVpkc7ZWuQQ==}
    engines: {node: '>=6'}

  knip@5.71.0:
    resolution: {integrity: sha512-hwgdqEJ+7DNJ5jE8BCPu7b57TY7vUwP6MzWYgCgPpg6iPCee/jKPShDNIlFER2koti4oz5xF88VJbKCb4Wl71g==}
    engines: {node: '>=18.18.0'}
    hasBin: true
    peerDependencies:
      '@types/node': '>=18'
      typescript: '>=5.0.4 <7'

  merge2@1.4.1:
    resolution: {integrity: sha512-8q7VEgMJW4J8tcfVPy8g09NcQwZdbwFEqhe/WZkoIzjn/3TGDwtOCYtXGxA3O8tPzpczCCDgv+P2P5y00ZJOOg==}
    engines: {node: '>= 8'}

  micromatch@4.0.8:
    resolution: {integrity: sha512-PXwfBhYu0hBCPw8Dn0E+WDYb7af3dSLVWKi3HGv84IdF4TyFoC0ysxFd0Goxw7nSv4T/PzEJQxsYsEiFCKo2BA==}
    engines: {node: '>=8.6'}

  mime@3.0.0:
    resolution: {integrity: sha512-jSCU7/VB1loIWBZe14aEYHU/+1UMEHoaO7qxCOVJOw9GgH72VAWppxNcjU+x9a2k3GSIBXNKxXQFqRvvZ7vr3A==}
    engines: {node: '>=10.0.0'}
    hasBin: true

  miniflare@4.20251202.0:
    resolution: {integrity: sha512-Pa5iBAVzzVT/yr7rcyr75ETm5IGCpdT61foGx+6jDj+vzISNfWZgEcSxWk1nlJboJumUJ10kC498hQudpdbDWg==}
    engines: {node: '>=18.0.0'}
    hasBin: true

  minimist@1.2.8:
    resolution: {integrity: sha512-2yyAR8qBkN3YuheJanUpWC5U3bb5osDywNB8RzDVlDwDHbocAJveqqj1u8+SVD7jkWT4yvsHCpWqqWqAxb0zCA==}

  oxc-resolver@11.15.0:
    resolution: {integrity: sha512-Hk2J8QMYwmIO9XTCUiOH00+Xk2/+aBxRUnhrSlANDyCnLYc32R1WSIq1sU2yEdlqd53FfMpPEpnBYIKQMzliJw==}

  path-to-regexp@6.3.0:
    resolution: {integrity: sha512-Yhpw4T9C6hPpgPeA28us07OJeqZ5EzQTkbfwuhsUg0c237RomFoETJgmp2sa3F/41gfLE6G5cqcYwznmeEeOlQ==}

  pathe@2.0.3:
    resolution: {integrity: sha512-WUjGcAqP1gQacoQe+OBJsFA7Ld4DyXuUIjZ5cc75cLHvJ7dtNsTugphxIADwspS+AraAUePCKrSVtPLFj/F88w==}

  picocolors@1.1.1:
    resolution: {integrity: sha512-xceH2snhtb5M9liqDsmEw56le376mTZkEX/jEb/RxNFyegNul7eNslCXP9FDj/Lcu0X8KEyMceP2ntpaHrDEVA==}

  picomatch@2.3.1:
    resolution: {integrity: sha512-JU3teHTNjmE2VCGFzuY8EXzCDVwEqB2a8fsIvwaStHhAWJEeVd1o1QD80CU6+ZdEXXSLbSsuLwJjkCBWqRQUVA==}
    engines: {node: '>=8.6'}

  picomatch@4.0.3:
    resolution: {integrity: sha512-5gTmgEY/sqK6gFXLIsQNH19lWb4ebPDLA4SdLP7dsWkIXHWlG66oPuVvXSGFPppYZz8ZDZq0dYYrbHfBCVUb1Q==}
    engines: {node: '>=12'}

  queue-microtask@1.2.3:
    resolution: {integrity: sha512-NuaNSa6flKT5JaSYQzJok04JzTL1CA6aGhv5rfLW3PgqA+M2ChpZQnAC8h8i4ZFkBS8X5RqkDBHA7r4hej3K9A==}

  reusify@1.1.0:
    resolution: {integrity: sha512-g6QUff04oZpHs0eG5p83rFLhHeV00ug/Yf9nZM6fLeUrPguBTkTQOdpAWWspMh55TZfVQDPaN3NQJfbVRAxdIw==}
    engines: {iojs: '>=1.0.0', node: '>=0.10.0'}

  run-parallel@1.2.0:
    resolution: {integrity: sha512-5l4VyZR86LZ/lDxZTR6jqL8AFE2S0IFLMP26AbjsLVADxHdhB/c0GUsH+y39UfCi3dzz8OlQuPmnaJOMoDHQBA==}

  semver@7.7.3:
    resolution: {integrity: sha512-SdsKMrI9TdgjdweUSR9MweHA4EJ8YxHn8DFaDisvhVlUOe4BF1tLD7GAj0lIqWVl+dPb/rExr0Btby5loQm20Q==}
    engines: {node: '>=10'}
    hasBin: true

  sharp@0.33.5:
    resolution: {integrity: sha512-haPVm1EkS9pgvHrQ/F3Xy+hgcuMV0Wm9vfIBSiwZ05k+xgb0PkBQpGsAA/oWdDobNaZTH5ppvHtzCFbnSEwHVw==}
    engines: {node: ^18.17.0 || ^20.3.0 || >=21.0.0}

  simple-swizzle@0.2.4:
    resolution: {integrity: sha512-nAu1WFPQSMNr2Zn9PGSZK9AGn4t/y97lEm+MXTtUDwfP0ksAIX4nO+6ruD9Jwut4C49SB1Ws+fbXsm/yScWOHw==}

  smol-toml@1.5.2:
    resolution: {integrity: sha512-QlaZEqcAH3/RtNyet1IPIYPsEWAaYyXXv1Krsi+1L/QHppjX4Ifm8MQsBISz9vE8cHicIq3clogsheili5vhaQ==}
    engines: {node: '>= 18'}

  stoppable@1.1.0:
    resolution: {integrity: sha512-KXDYZ9dszj6bzvnEMRYvxgeTHU74QBFL54XKtP3nyMuJ81CFYtABZ3bAzL2EdFUaEwJOBOgENyFj3R7oTzDyyw==}
    engines: {node: '>=4', npm: '>=6'}

  strip-json-comments@5.0.3:
    resolution: {integrity: sha512-1tB5mhVo7U+ETBKNf92xT4hrQa3pm0MZ0PQvuDnWgAAGHDsfp4lPSpiS6psrSiet87wyGPh9ft6wmhOMQ0hDiw==}
    engines: {node: '>=14.16'}

  supports-color@10.2.2:
    resolution: {integrity: sha512-SS+jx45GF1QjgEXQx4NJZV9ImqmO2NPz5FNsIHrsDjh2YsHnawpan7SNQ1o8NuhrbHZy9AZhIoCUiCeaW/C80g==}
    engines: {node: '>=18'}

  to-regex-range@5.0.1:
    resolution: {integrity: sha512-65P7iz6X5yEr1cwcgvQxbbIw7Uk3gOy5dIdtZ4rDveLqhrdJP+Li/Hx6tyK0NEb+2GCyneCMJiGqrADCSNk8sQ==}
    engines: {node: '>=8.0'}

  tslib@2.8.1:
    resolution: {integrity: sha512-oJFu94HQb+KVduSUQL7wnpmqnfmLsOA/nAh6b6EH0wCEoK0/mPeXU6c3wKDV83MkOuHPRHtSXKKU99IBazS/2w==}

  typescript@5.9.3:
    resolution: {integrity: sha512-jl1vZzPDinLr9eUt3J/t7V6FgNEw9QjvBPdysz9KfQDD41fQrC2Y4vKQdiaUpFT4bXlb1RHhLpp8wtm6M5TgSw==}
    engines: {node: '>=14.17'}
    hasBin: true

  undici-types@7.16.0:
    resolution: {integrity: sha512-Zz+aZWSj8LE6zoxD+xrjh4VfkIG8Ya6LvYkZqtUQGJPZjYl53ypCaUwWqo7eI0x66KBGeRo+mlBEkMSeSZ38Nw==}

  undici@7.14.0:
    resolution: {integrity: sha512-Vqs8HTzjpQXZeXdpsfChQTlafcMQaaIwnGwLam1wudSSjlJeQ3bw1j+TLPePgrCnCpUXx7Ba5Pdpf5OBih62NQ==}
    engines: {node: '>=20.18.1'}

  unenv@2.0.0-rc.24:
    resolution: {integrity: sha512-i7qRCmY42zmCwnYlh9H2SvLEypEFGye5iRmEMKjcGi7zk9UquigRjFtTLz0TYqr0ZGLZhaMHl/foy1bZR+Cwlw==}

  walk-up-path@4.0.0:
    resolution: {integrity: sha512-3hu+tD8YzSLGuFYtPRb48vdhKMi0KQV5sn+uWr8+7dMEq/2G/dtLrdDinkLjqq5TIbIBjYJ4Ax/n3YiaW7QM8A==}
    engines: {node: 20 || >=22}

  workerd@1.20251202.0:
    resolution: {integrity: sha512-p08YfrUMHkjCECNdT36r+6DpJIZX4kixbZ4n6GMUcLR5Gh18fakSCsiQrh72iOm4M9QHv/rM7P8YvCrUPWT5sg==}
    engines: {node: '>=16'}
    hasBin: true

  wrangler@4.52.1:
    resolution: {integrity: sha512-rIzDxzPnLAaqBF+SdHGd9Az0ELEWtIBwPp5diCR58p2F4C+KgNGGpPMFswMntuViQ2RKRgGbk4jIzStJoUUfjQ==}
    engines: {node: '>=20.0.0'}
    hasBin: true
    peerDependencies:
      '@cloudflare/workers-types': ^4.20251202.0
    peerDependenciesMeta:
      '@cloudflare/workers-types':
        optional: true

  ws@8.18.0:
    resolution: {integrity: sha512-8VbfWfHLbbwu3+N6OKsOMpBdT4kXPDDB9cJk2bJ6mh9ucxdlnNvH1e+roYkKmN9Nxw2yjz7VzeO9oOz2zJ04Pw==}
    engines: {node: '>=10.0.0'}
    peerDependencies:
      bufferutil: ^4.0.1
      utf-8-validate: '>=5.0.2'
    peerDependenciesMeta:
      bufferutil:
        optional: true
      utf-8-validate:
        optional: true

  youch-core@0.3.3:
    resolution: {integrity: sha512-ho7XuGjLaJ2hWHoK8yFnsUGy2Y5uDpqSTq1FkHLK4/oqKtyUU1AFbOOxY4IpC9f0fTLjwYbslUz0Po5BpD1wrA==}

  youch@4.1.0-beta.10:
    resolution: {integrity: sha512-rLfVLB4FgQneDr0dv1oddCVZmKjcJ6yX6mS4pU82Mq/Dt9a3cLZQ62pDBL4AUO+uVrCvtWz3ZFUL2HFAFJ/BXQ==}

  zod@3.22.3:
    resolution: {integrity: sha512-EjIevzuJRiRPbVH4mGc8nApb/lVLKVpmUhAaR5R5doKGfAnGJ6Gr3CViAVjP+4FWSxCsybeWQdcgCtbX+7oZug==}

  zod@4.1.13:
    resolution: {integrity: sha512-AvvthqfqrAhNH9dnfmrfKzX5upOdjUVJYFqNSlkmGf64gRaTzlPwz99IHYnVs28qYAybvAlBV+H7pn0saFY4Ig==}

snapshots:

  '@biomejs/biome@2.3.8':
    optionalDependencies:
      '@biomejs/cli-darwin-arm64': 2.3.8
      '@biomejs/cli-darwin-x64': 2.3.8
      '@biomejs/cli-linux-arm64': 2.3.8
      '@biomejs/cli-linux-arm64-musl': 2.3.8
      '@biomejs/cli-linux-x64': 2.3.8
      '@biomejs/cli-linux-x64-musl': 2.3.8
      '@biomejs/cli-win32-arm64': 2.3.8
      '@biomejs/cli-win32-x64': 2.3.8

  '@biomejs/cli-darwin-arm64@2.3.8':
    optional: true

  '@biomejs/cli-darwin-x64@2.3.8':
    optional: true

  '@biomejs/cli-linux-arm64-musl@2.3.8':
    optional: true

  '@biomejs/cli-linux-arm64@2.3.8':
    optional: true

  '@biomejs/cli-linux-x64-musl@2.3.8':
    optional: true

  '@biomejs/cli-linux-x64@2.3.8':
    optional: true

  '@biomejs/cli-win32-arm64@2.3.8':
    optional: true

  '@biomejs/cli-win32-x64@2.3.8':
    optional: true

  '@cloudflare/kv-asset-handler@0.4.1':
    dependencies:
      mime: 3.0.0

  '@cloudflare/unenv-preset@2.7.12(unenv@2.0.0-rc.24)(workerd@1.20251202.0)':
    dependencies:
      unenv: 2.0.0-rc.24
    optionalDependencies:
      workerd: 1.20251202.0

  '@cloudflare/workerd-darwin-64@1.20251202.0':
    optional: true

  '@cloudflare/workerd-darwin-arm64@1.20251202.0':
    optional: true

  '@cloudflare/workerd-linux-64@1.20251202.0':
    optional: true

  '@cloudflare/workerd-linux-arm64@1.20251202.0':
    optional: true

  '@cloudflare/workerd-windows-64@1.20251202.0':
    optional: true

  '@cspotcode/source-map-support@0.8.1':
    dependencies:
      '@jridgewell/trace-mapping': 0.3.9

  '@emnapi/core@1.7.1':
    dependencies:
      '@emnapi/wasi-threads': 1.1.0
      tslib: 2.8.1
    optional: true

  '@emnapi/runtime@1.7.1':
    dependencies:
      tslib: 2.8.1
    optional: true

  '@emnapi/wasi-threads@1.1.0':
    dependencies:
      tslib: 2.8.1
    optional: true

  '@esbuild/aix-ppc64@0.27.0':
    optional: true

  '@esbuild/android-arm64@0.27.0':
    optional: true

  '@esbuild/android-arm@0.27.0':
    optional: true

  '@esbuild/android-x64@0.27.0':
    optional: true

  '@esbuild/darwin-arm64@0.27.0':
    optional: true

  '@esbuild/darwin-x64@0.27.0':
    optional: true

  '@esbuild/freebsd-arm64@0.27.0':
    optional: true

  '@esbuild/freebsd-x64@0.27.0':
    optional: true

  '@esbuild/linux-arm64@0.27.0':
    optional: true

  '@esbuild/linux-arm@0.27.0':
    optional: true

  '@esbuild/linux-ia32@0.27.0':
    optional: true

  '@esbuild/linux-loong64@0.27.0':
    optional: true

  '@esbuild/linux-mips64el@0.27.0':
    optional: true

  '@esbuild/linux-ppc64@0.27.0':
    optional: true

  '@esbuild/linux-riscv64@0.27.0':
    optional: true

  '@esbuild/linux-s390x@0.27.0':
    optional: true

  '@esbuild/linux-x64@0.27.0':
    optional: true

  '@esbuild/netbsd-arm64@0.27.0':
    optional: true

  '@esbuild/netbsd-x64@0.27.0':
    optional: true

  '@esbuild/openbsd-arm64@0.27.0':
    optional: true

  '@esbuild/openbsd-x64@0.27.0':
    optional: true

  '@esbuild/openharmony-arm64@0.27.0':
    optional: true

  '@esbuild/sunos-x64@0.27.0':
    optional: true

  '@esbuild/win32-arm64@0.27.0':
    optional: true

  '@esbuild/win32-ia32@0.27.0':
    optional: true

  '@esbuild/win32-x64@0.27.0':
    optional: true

  '@img/sharp-darwin-arm64@0.33.5':
    optionalDependencies:
      '@img/sharp-libvips-darwin-arm64': 1.0.4
    optional: true

  '@img/sharp-darwin-x64@0.33.5':
    optionalDependencies:
      '@img/sharp-libvips-darwin-x64': 1.0.4
    optional: true

  '@img/sharp-libvips-darwin-arm64@1.0.4':
    optional: true

  '@img/sharp-libvips-darwin-x64@1.0.4':
    optional: true

  '@img/sharp-libvips-linux-arm64@1.0.4':
    optional: true

  '@img/sharp-libvips-linux-arm@1.0.5':
    optional: true

  '@img/sharp-libvips-linux-s390x@1.0.4':
    optional: true

  '@img/sharp-libvips-linux-x64@1.0.4':
    optional: true

  '@img/sharp-libvips-linuxmusl-arm64@1.0.4':
    optional: true

  '@img/sharp-libvips-linuxmusl-x64@1.0.4':
    optional: true

  '@img/sharp-linux-arm64@0.33.5':
    optionalDependencies:
      '@img/sharp-libvips-linux-arm64': 1.0.4
    optional: true

  '@img/sharp-linux-arm@0.33.5':
    optionalDependencies:
      '@img/sharp-libvips-linux-arm': 1.0.5
    optional: true

  '@img/sharp-linux-s390x@0.33.5':
    optionalDependencies:
      '@img/sharp-libvips-linux-s390x': 1.0.4
    optional: true

  '@img/sharp-linux-x64@0.33.5':
    optionalDependencies:
      '@img/sharp-libvips-linux-x64': 1.0.4
    optional: true

  '@img/sharp-linuxmusl-arm64@0.33.5':
    optionalDependencies:
      '@img/sharp-libvips-linuxmusl-arm64': 1.0.4
    optional: true

  '@img/sharp-linuxmusl-x64@0.33.5':
    optionalDependencies:
      '@img/sharp-libvips-linuxmusl-x64': 1.0.4
    optional: true

  '@img/sharp-wasm32@0.33.5':
    dependencies:
      '@emnapi/runtime': 1.7.1
    optional: true

  '@img/sharp-win32-ia32@0.33.5':
    optional: true

  '@img/sharp-win32-x64@0.33.5':
    optional: true

  '@jridgewell/resolve-uri@3.1.2': {}

  '@jridgewell/sourcemap-codec@1.5.5': {}

  '@jridgewell/trace-mapping@0.3.9':
    dependencies:
      '@jridgewell/resolve-uri': 3.1.2
      '@jridgewell/sourcemap-codec': 1.5.5

  '@napi-rs/wasm-runtime@1.1.0':
    dependencies:
      '@emnapi/core': 1.7.1
      '@emnapi/runtime': 1.7.1
      '@tybys/wasm-util': 0.10.1
    optional: true

  '@nodelib/fs.scandir@2.1.5':
    dependencies:
      '@nodelib/fs.stat': 2.0.5
      run-parallel: 1.2.0

  '@nodelib/fs.stat@2.0.5': {}

  '@nodelib/fs.walk@1.2.8':
    dependencies:
      '@nodelib/fs.scandir': 2.1.5
      fastq: 1.19.1

  '@oxc-resolver/binding-android-arm-eabi@11.15.0':
    optional: true

  '@oxc-resolver/binding-android-arm64@11.15.0':
    optional: true

  '@oxc-resolver/binding-darwin-arm64@11.15.0':
    optional: true

  '@oxc-resolver/binding-darwin-x64@11.15.0':
    optional: true

  '@oxc-resolver/binding-freebsd-x64@11.15.0':
    optional: true

  '@oxc-resolver/binding-linux-arm-gnueabihf@11.15.0':
    optional: true

  '@oxc-resolver/binding-linux-arm-musleabihf@11.15.0':
    optional: true

  '@oxc-resolver/binding-linux-arm64-gnu@11.15.0':
    optional: true

  '@oxc-resolver/binding-linux-arm64-musl@11.15.0':
    optional: true

  '@oxc-resolver/binding-linux-ppc64-gnu@11.15.0':
    optional: true

  '@oxc-resolver/binding-linux-riscv64-gnu@11.15.0':
    optional: true

  '@oxc-resolver/binding-linux-riscv64-musl@11.15.0':
    optional: true

  '@oxc-resolver/binding-linux-s390x-gnu@11.15.0':
    optional: true

  '@oxc-resolver/binding-linux-x64-gnu@11.15.0':
    optional: true

  '@oxc-resolver/binding-linux-x64-musl@11.15.0':
    optional: true

  '@oxc-resolver/binding-openharmony-arm64@11.15.0':
    optional: true

  '@oxc-resolver/binding-wasm32-wasi@11.15.0':
    dependencies:
      '@napi-rs/wasm-runtime': 1.1.0
    optional: true

  '@oxc-resolver/binding-win32-arm64-msvc@11.15.0':
    optional: true

  '@oxc-resolver/binding-win32-ia32-msvc@11.15.0':
    optional: true

  '@oxc-resolver/binding-win32-x64-msvc@11.15.0':
    optional: true

  '@poppinss/colors@4.1.6':
    dependencies:
      kleur: 4.1.5

  '@poppinss/dumper@0.6.5':
    dependencies:
      '@poppinss/colors': 4.1.6
      '@sindresorhus/is': 7.1.1
      supports-color: 10.2.2

  '@poppinss/exception@1.2.3': {}

  '@sindresorhus/is@7.1.1': {}

  '@speed-highlight/core@1.2.12': {}

  '@tybys/wasm-util@0.10.1':
    dependencies:
      tslib: 2.8.1
    optional: true

  '@types/node@25.0.1':
    dependencies:
      undici-types: 7.16.0

  acorn-walk@8.3.2: {}

  acorn@8.14.0: {}

  argparse@2.0.1: {}

  blake3-wasm@2.1.5: {}

  braces@3.0.3:
    dependencies:
      fill-range: 7.1.1

  color-convert@2.0.1:
    dependencies:
      color-name: 1.1.4

  color-name@1.1.4: {}

  color-string@1.9.1:
    dependencies:
      color-name: 1.1.4
      simple-swizzle: 0.2.4

  color@4.2.3:
    dependencies:
      color-convert: 2.0.1
      color-string: 1.9.1

  cookie@1.1.1: {}

  detect-libc@2.1.2: {}

  error-stack-parser-es@1.0.5: {}

  esbuild@0.27.0:
    optionalDependencies:
      '@esbuild/aix-ppc64': 0.27.0
      '@esbuild/android-arm': 0.27.0
      '@esbuild/android-arm64': 0.27.0
      '@esbuild/android-x64': 0.27.0
      '@esbuild/darwin-arm64': 0.27.0
      '@esbuild/darwin-x64': 0.27.0
      '@esbuild/freebsd-arm64': 0.27.0
      '@esbuild/freebsd-x64': 0.27.0
      '@esbuild/linux-arm': 0.27.0
      '@esbuild/linux-arm64': 0.27.0
      '@esbuild/linux-ia32': 0.27.0
      '@esbuild/linux-loong64': 0.27.0
      '@esbuild/linux-mips64el': 0.27.0
      '@esbuild/linux-ppc64': 0.27.0
      '@esbuild/linux-riscv64': 0.27.0
      '@esbuild/linux-s390x': 0.27.0
      '@esbuild/linux-x64': 0.27.0
      '@esbuild/netbsd-arm64': 0.27.0
      '@esbuild/netbsd-x64': 0.27.0
      '@esbuild/openbsd-arm64': 0.27.0
      '@esbuild/openbsd-x64': 0.27.0
      '@esbuild/openharmony-arm64': 0.27.0
      '@esbuild/sunos-x64': 0.27.0
      '@esbuild/win32-arm64': 0.27.0
      '@esbuild/win32-ia32': 0.27.0
      '@esbuild/win32-x64': 0.27.0

  exit-hook@2.2.1: {}

  fast-glob@3.3.3:
    dependencies:
      '@nodelib/fs.stat': 2.0.5
      '@nodelib/fs.walk': 1.2.8
      glob-parent: 5.1.2
      merge2: 1.4.1
      micromatch: 4.0.8

  fastq@1.19.1:
    dependencies:
      reusify: 1.1.0

  fd-package-json@2.0.0:
    dependencies:
      walk-up-path: 4.0.0

  fill-range@7.1.1:
    dependencies:
      to-regex-range: 5.0.1

  formatly@0.3.0:
    dependencies:
      fd-package-json: 2.0.0

  fsevents@2.3.3:
    optional: true

  glob-parent@5.1.2:
    dependencies:
      is-glob: 4.0.3

  glob-to-regexp@0.4.1: {}

  is-arrayish@0.3.4: {}

  is-extglob@2.1.1: {}

  is-glob@4.0.3:
    dependencies:
      is-extglob: 2.1.1

  is-number@7.0.0: {}

  jiti@2.6.1: {}

  js-yaml@4.1.1:
    dependencies:
      argparse: 2.0.1

  kleur@4.1.5: {}

  knip@5.71.0(@types/node@25.0.1)(typescript@5.9.3):
    dependencies:
      '@nodelib/fs.walk': 1.2.8
      '@types/node': 25.0.1
      fast-glob: 3.3.3
      formatly: 0.3.0
      jiti: 2.6.1
      js-yaml: 4.1.1
      minimist: 1.2.8
      oxc-resolver: 11.15.0
      picocolors: 1.1.1
      picomatch: 4.0.3
      smol-toml: 1.5.2
      strip-json-comments: 5.0.3
      typescript: 5.9.3
      zod: 4.1.13

  merge2@1.4.1: {}

  micromatch@4.0.8:
    dependencies:
      braces: 3.0.3
      picomatch: 2.3.1

  mime@3.0.0: {}

  miniflare@4.20251202.0:
    dependencies:
      '@cspotcode/source-map-support': 0.8.1
      acorn: 8.14.0
      acorn-walk: 8.3.2
      exit-hook: 2.2.1
      glob-to-regexp: 0.4.1
      sharp: 0.33.5
      stoppable: 1.1.0
      undici: 7.14.0
      workerd: 1.20251202.0
      ws: 8.18.0
      youch: 4.1.0-beta.10
      zod: 3.22.3
    transitivePeerDependencies:
      - bufferutil
      - utf-8-validate

  minimist@1.2.8: {}

  oxc-resolver@11.15.0:
    optionalDependencies:
      '@oxc-resolver/binding-android-arm-eabi': 11.15.0
      '@oxc-resolver/binding-android-arm64': 11.15.0
      '@oxc-resolver/binding-darwin-arm64': 11.15.0
      '@oxc-resolver/binding-darwin-x64': 11.15.0
      '@oxc-resolver/binding-freebsd-x64': 11.15.0
      '@oxc-resolver/binding-linux-arm-gnueabihf': 11.15.0
      '@oxc-resolver/binding-linux-arm-musleabihf': 11.15.0
      '@oxc-resolver/binding-linux-arm64-gnu': 11.15.0
      '@oxc-resolver/binding-linux-arm64-musl': 11.15.0
      '@oxc-resolver/binding-linux-ppc64-gnu': 11.15.0
      '@oxc-resolver/binding-linux-riscv64-gnu': 11.15.0
      '@oxc-resolver/binding-linux-riscv64-musl': 11.15.0
      '@oxc-resolver/binding-linux-s390x-gnu': 11.15.0
      '@oxc-resolver/binding-linux-x64-gnu': 11.15.0
      '@oxc-resolver/binding-linux-x64-musl': 11.15.0
      '@oxc-resolver/binding-openharmony-arm64': 11.15.0
      '@oxc-resolver/binding-wasm32-wasi': 11.15.0
      '@oxc-resolver/binding-win32-arm64-msvc': 11.15.0
      '@oxc-resolver/binding-win32-ia32-msvc': 11.15.0
      '@oxc-resolver/binding-win32-x64-msvc': 11.15.0

  path-to-regexp@6.3.0: {}

  pathe@2.0.3: {}

  picocolors@1.1.1: {}

  picomatch@2.3.1: {}

  picomatch@4.0.3: {}

  queue-microtask@1.2.3: {}

  reusify@1.1.0: {}

  run-parallel@1.2.0:
    dependencies:
      queue-microtask: 1.2.3

  semver@7.7.3: {}

  sharp@0.33.5:
    dependencies:
      color: 4.2.3
      detect-libc: 2.1.2
      semver: 7.7.3
    optionalDependencies:
      '@img/sharp-darwin-arm64': 0.33.5
      '@img/sharp-darwin-x64': 0.33.5
      '@img/sharp-libvips-darwin-arm64': 1.0.4
      '@img/sharp-libvips-darwin-x64': 1.0.4
      '@img/sharp-libvips-linux-arm': 1.0.5
      '@img/sharp-libvips-linux-arm64': 1.0.4
      '@img/sharp-libvips-linux-s390x': 1.0.4
      '@img/sharp-libvips-linux-x64': 1.0.4
      '@img/sharp-libvips-linuxmusl-arm64': 1.0.4
      '@img/sharp-libvips-linuxmusl-x64': 1.0.4
      '@img/sharp-linux-arm': 0.33.5
      '@img/sharp-linux-arm64': 0.33.5
      '@img/sharp-linux-s390x': 0.33.5
      '@img/sharp-linux-x64': 0.33.5
      '@img/sharp-linuxmusl-arm64': 0.33.5
      '@img/sharp-linuxmusl-x64': 0.33.5
      '@img/sharp-wasm32': 0.33.5
      '@img/sharp-win32-ia32': 0.33.5
      '@img/sharp-win32-x64': 0.33.5

  simple-swizzle@0.2.4:
    dependencies:
      is-arrayish: 0.3.4

  smol-toml@1.5.2: {}

  stoppable@1.1.0: {}

  strip-json-comments@5.0.3: {}

  supports-color@10.2.2: {}

  to-regex-range@5.0.1:
    dependencies:
      is-number: 7.0.0

  tslib@2.8.1:
    optional: true

  typescript@5.9.3: {}

  undici-types@7.16.0: {}

  undici@7.14.0: {}

  unenv@2.0.0-rc.24:
    dependencies:
      pathe: 2.0.3

  walk-up-path@4.0.0: {}

  workerd@1.20251202.0:
    optionalDependencies:
      '@cloudflare/workerd-darwin-64': 1.20251202.0
      '@cloudflare/workerd-darwin-arm64': 1.20251202.0
      '@cloudflare/workerd-linux-64': 1.20251202.0
      '@cloudflare/workerd-linux-arm64': 1.20251202.0
      '@cloudflare/workerd-windows-64': 1.20251202.0

  wrangler@4.52.1:
    dependencies:
      '@cloudflare/kv-asset-handler': 0.4.1
      '@cloudflare/unenv-preset': 2.7.12(unenv@2.0.0-rc.24)(workerd@1.20251202.0)
      blake3-wasm: 2.1.5
      esbuild: 0.27.0
      miniflare: 4.20251202.0
      path-to-regexp: 6.3.0
      unenv: 2.0.0-rc.24
      workerd: 1.20251202.0
    optionalDependencies:
      fsevents: 2.3.3
    transitivePeerDependencies:
      - bufferutil
      - utf-8-validate

  ws@8.18.0: {}

  youch-core@0.3.3:
    dependencies:
      '@poppinss/exception': 1.2.3
      error-stack-parser-es: 1.0.5

  youch@4.1.0-beta.10:
    dependencies:
      '@poppinss/colors': 4.1.6
      '@poppinss/dumper': 0.6.5
      '@speed-highlight/core': 1.2.12
      cookie: 1.1.1
      youch-core: 0.3.3

  zod@3.22.3: {}

  zod@4.1.13: {}
